
Microsoft Visual Studio Solution File, Format Version 12.00
# Visual Studio 15
VisualStudioVersion = 15.0.27428.2027
MinimumVisualStudioVersion = 10.0.40219.1
Project("{FAE04EC0-301F-11D3-BF4B-00C04F79EFBC}") = "Piko", "Piko\Piko.csproj", "{FDE73056-DBA4-45F1-B3EA-44A62D798352}"
EndProject
Global
	GlobalSection(SolutionConfigurationPlatforms) = preSolution
		Debug|Any CPU = Debug|Any CPU
		Release|Any CPU = Release|Any CPU
	EndGlobalSection
	GlobalSection(ProjectConfigurationPlatforms) = postSolution
		{FDE73056-DBA4-45F1-B3EA-44A62D798352}.Debug|Any CPU.ActiveCfg = Debug|Any CPU
		{FDE73056-DBA4-45F1-B3EA-44A62D798352}.Debug|Any CPU.Build.0 = Debug|Any CPU
		{FDE73056-DBA4-45F1-B3EA-44A62D798352}.Release|Any CPU.ActiveCfg = Release|Any CPU
		{FDE73056-DBA4-45F1-B3EA-44A62D798352}.Release|Any CPU.Build.0 = Release|Any CPU
	EndGlobalSection
	GlobalSection(SolutionProperties) = preSolution
		HideSolutionNode = FALSE
	EndGlobalSection
	GlobalSection(ExtensibilityGlobals) = postSolution
		SolutionGuid = {3E5ACB5C-2AF3-4E0F-9AD6-AB4BC19BEE3E}
	EndGlobalSection
EndGlobal
